
Microsoft Visual Studio Solution File, Format Version 12.00
# Visual Studio Version 16
VisualStudioVersion = 16.0.29215.179
MinimumVisualStudioVersion = 10.0.40219.1
Project("{FAE04EC0-301F-11D3-BF4B-00C04F79EFBC}") = "Inventors.ECP.Tester", "Inventors.ECP.Tester\Inventors.ECP.Tester.csproj", "{65AEE582-A214-4465-BDD5-8F92690E89E0}"
EndProject
Project("{9A19103F-16F7-4668-BE54-9A1E7A4F7556}") = "Inventors.ECP", "Inventors.ECP\Inventors.ECP.csproj", "{FE314A70-DB7C-469B-B403-E1737BDADDA1}"
EndProject
Project("{9A19103F-16F7-4668-BE54-9A1E7A4F7556}") = "Inventors.ECP.DefaultDevice", "Inventors.ECP.DefaultDevice\Inventors.ECP.DefaultDevice.csproj", "{C148070B-3456-4A30-93E5-35264B134B86}"
EndProject
Project("{9A19103F-16F7-4668-BE54-9A1E7A4F7556}") = "Inventors.ECP.UnitTests", "Inventors.ECP.UnitTests\Inventors.ECP.UnitTests.csproj", "{5C5482CF-7A82-4F9B-B8E7-76E781F1B8BC}"
EndProject
Project("{2150E333-8FDC-42A3-9474-1A3956D46DE8}") = "Solution Items", "Solution Items", "{4895BB9C-F18D-4005-9EED-A1529F9C1D21}"
	ProjectSection(SolutionItems) = preProject
		.editorconfig = .editorconfig
	EndProjectSection
EndProject
Project("{FAE04EC0-301F-11D3-BF4B-00C04F79EFBC}") = "Inventors.ECP.DeviceHost", "Inventors.ECP.DeviceHost\Inventors.ECP.DeviceHost.csproj", "{9139CCD8-4749-4B14-8B20-32969AD35EA0}"
EndProject
Project("{FAE04EC0-301F-11D3-BF4B-00C04F79EFBC}") = "Inventors.ECP.Tools", "Inventors.ECP.Tools\Inventors.ECP.Tools.csproj", "{2616125E-1226-465C-A220-7514A50086AF}"
EndProject
Global
	GlobalSection(SolutionConfigurationPlatforms) = preSolution
		Debug|Any CPU = Debug|Any CPU
		Release|Any CPU = Release|Any CPU
	EndGlobalSection
	GlobalSection(ProjectConfigurationPlatforms) = postSolution
		{65AEE582-A214-4465-BDD5-8F92690E89E0}.Debug|Any CPU.ActiveCfg = Debug|Any CPU
		{65AEE582-A214-4465-BDD5-8F92690E89E0}.Debug|Any CPU.Build.0 = Debug|Any CPU
		{65AEE582-A214-4465-BDD5-8F92690E89E0}.Release|Any CPU.ActiveCfg = Release|Any CPU
		{65AEE582-A214-4465-BDD5-8F92690E89E0}.Release|Any CPU.Build.0 = Release|Any CPU
		{FE314A70-DB7C-469B-B403-E1737BDADDA1}.Debug|Any CPU.ActiveCfg = Debug|Any CPU
		{FE314A70-DB7C-469B-B403-E1737BDADDA1}.Debug|Any CPU.Build.0 = Debug|Any CPU
		{FE314A70-DB7C-469B-B403-E1737BDADDA1}.Release|Any CPU.ActiveCfg = Release|Any CPU
		{FE314A70-DB7C-469B-B403-E1737BDADDA1}.Release|Any CPU.Build.0 = Release|Any CPU
		{C148070B-3456-4A30-93E5-35264B134B86}.Debug|Any CPU.ActiveCfg = Debug|Any CPU
		{C148070B-3456-4A30-93E5-35264B134B86}.Debug|Any CPU.Build.0 = Debug|Any CPU
		{C148070B-3456-4A30-93E5-35264B134B86}.Release|Any CPU.ActiveCfg = Release|Any CPU
		{C148070B-3456-4A30-93E5-35264B134B86}.Release|Any CPU.Build.0 = Release|Any CPU
		{5C5482CF-7A82-4F9B-B8E7-76E781F1B8BC}.Debug|Any CPU.ActiveCfg = Debug|Any CPU
		{5C5482CF-7A82-4F9B-B8E7-76E781F1B8BC}.Debug|Any CPU.Build.0 = Debug|Any CPU
		{5C5482CF-7A82-4F9B-B8E7-76E781F1B8BC}.Release|Any CPU.ActiveCfg = Release|Any CPU
		{5C5482CF-7A82-4F9B-B8E7-76E781F1B8BC}.Release|Any CPU.Build.0 = Release|Any CPU
		{9139CCD8-4749-4B14-8B20-32969AD35EA0}.Debug|Any CPU.ActiveCfg = Debug|Any CPU
		{9139CCD8-4749-4B14-8B20-32969AD35EA0}.Debug|Any CPU.Build.0 = Debug|Any CPU
		{9139CCD8-4749-4B14-8B20-32969AD35EA0}.Release|Any CPU.ActiveCfg = Release|Any CPU
		{9139CCD8-4749-4B14-8B20-32969AD35EA0}.Release|Any CPU.Build.0 = Release|Any CPU
		{2616125E-1226-465C-A220-7514A50086AF}.Debug|Any CPU.ActiveCfg = Debug|Any CPU
		{2616125E-1226-465C-A220-7514A50086AF}.Debug|Any CPU.Build.0 = Debug|Any CPU
		{2616125E-1226-465C-A220-7514A50086AF}.Release|Any CPU.ActiveCfg = Release|Any CPU
		{2616125E-1226-465C-A220-7514A50086AF}.Release|Any CPU.Build.0 = Release|Any CPU
	EndGlobalSection
	GlobalSection(SolutionProperties) = preSolution
		HideSolutionNode = FALSE
	EndGlobalSection
	GlobalSection(ExtensibilityGlobals) = postSolution
		SolutionGuid = {2413D6E1-69E9-4954-8AF7-534F3CBA1D3B}
	EndGlobalSection
EndGlobal
