
Microsoft Visual Studio Solution File, Format Version 12.00
# Visual Studio Version 16
VisualStudioVersion = 16.0.29215.179
MinimumVisualStudioVersion = 10.0.40219.1
Project("{FAE04EC0-301F-11D3-BF4B-00C04F79EFBC}") = "Inventors.ECP.Tester", "Inventors.ECP.Tester\Inventors.ECP.Tester.csproj", "{65AEE582-A214-4465-BDD5-8F92690E89E0}"
EndProject
Project("{9A19103F-16F7-4668-BE54-9A1E7A4F7556}") = "Inventors.ECP", "Inventors.ECP\Inventors.ECP.csproj", "{FE314A70-DB7C-469B-B403-E1737BDADDA1}"
EndProject
Project("{9A19103F-16F7-4668-BE54-9A1E7A4F7556}") = "Inventors.ECP.DefaultDevice", "Inventors.ECP.DefaultDevice\Inventors.ECP.DefaultDevice.csproj", "{C148070B-3456-4A30-93E5-35264B134B86}"
EndProject
Project("{FAE04EC0-301F-11D3-BF4B-00C04F79EFBC}") = "Inventors.ECP.DeviceSimulator", "Inventors.ECP.DeviceSimulator\Inventors.ECP.DeviceSimulator.csproj", "{EC362F5F-6A43-41A6-8013-BF435B7ABEFA}"
EndProject
Global
	GlobalSection(SolutionConfigurationPlatforms) = preSolution
		Debug|Any CPU = Debug|Any CPU
		Release|Any CPU = Release|Any CPU
	EndGlobalSection
	GlobalSection(ProjectConfigurationPlatforms) = postSolution
		{65AEE582-A214-4465-BDD5-8F92690E89E0}.Debug|Any CPU.ActiveCfg = Debug|Any CPU
		{65AEE582-A214-4465-BDD5-8F92690E89E0}.Debug|Any CPU.Build.0 = Debug|Any CPU
		{65AEE582-A214-4465-BDD5-8F92690E89E0}.Release|Any CPU.ActiveCfg = Release|Any CPU
		{65AEE582-A214-4465-BDD5-8F92690E89E0}.Release|Any CPU.Build.0 = Release|Any CPU
		{FE314A70-DB7C-469B-B403-E1737BDADDA1}.Debug|Any CPU.ActiveCfg = Debug|Any CPU
		{FE314A70-DB7C-469B-B403-E1737BDADDA1}.Debug|Any CPU.Build.0 = Debug|Any CPU
		{FE314A70-DB7C-469B-B403-E1737BDADDA1}.Release|Any CPU.ActiveCfg = Release|Any CPU
		{FE314A70-DB7C-469B-B403-E1737BDADDA1}.Release|Any CPU.Build.0 = Release|Any CPU
		{C148070B-3456-4A30-93E5-35264B134B86}.Debug|Any CPU.ActiveCfg = Debug|Any CPU
		{C148070B-3456-4A30-93E5-35264B134B86}.Debug|Any CPU.Build.0 = Debug|Any CPU
		{C148070B-3456-4A30-93E5-35264B134B86}.Release|Any CPU.ActiveCfg = Release|Any CPU
		{C148070B-3456-4A30-93E5-35264B134B86}.Release|Any CPU.Build.0 = Release|Any CPU
		{EC362F5F-6A43-41A6-8013-BF435B7ABEFA}.Debug|Any CPU.ActiveCfg = Debug|Any CPU
		{EC362F5F-6A43-41A6-8013-BF435B7ABEFA}.Debug|Any CPU.Build.0 = Debug|Any CPU
		{EC362F5F-6A43-41A6-8013-BF435B7ABEFA}.Release|Any CPU.ActiveCfg = Release|Any CPU
		{EC362F5F-6A43-41A6-8013-BF435B7ABEFA}.Release|Any CPU.Build.0 = Release|Any CPU
	EndGlobalSection
	GlobalSection(SolutionProperties) = preSolution
		HideSolutionNode = FALSE
	EndGlobalSection
	GlobalSection(ExtensibilityGlobals) = postSolution
		SolutionGuid = {2413D6E1-69E9-4954-8AF7-534F3CBA1D3B}
	EndGlobalSection
EndGlobal
